
Microsoft Visual Studio Solution File, Format Version 12.00
# Visual Studio Version 16
VisualStudioVersion = 16.0.810.25
MinimumVisualStudioVersion = 10.0.40219.1
Project("{FAE04EC0-301F-11D3-BF4B-00C04F79EFBC}") = "AerolineaTempa.Android", "AerolineaTempa.Android\AerolineaTempa.Android.csproj", "{5C63B037-4111-4258-81C0-8672FC779156}"
EndProject
Project("{FAE04EC0-301F-11D3-BF4B-00C04F79EFBC}") = "AerolineaTempa.iOS", "AerolineaTempa.iOS\AerolineaTempa.iOS.csproj", "{18C2AFB5-F766-493F-AB37-7C27CDD3937D}"
EndProject
Project("{FAE04EC0-301F-11D3-BF4B-00C04F79EFBC}") = "AerolineaTempa", "AerolineaTempa\AerolineaTempa.csproj", "{1D0B724C-501D-4688-B2FD-F818CA642DA5}"
EndProject
Global
	GlobalSection(SolutionConfigurationPlatforms) = preSolution
		Debug|Any CPU = Debug|Any CPU
		Release|Any CPU = Release|Any CPU
		Debug|iPhoneSimulator = Debug|iPhoneSimulator
		Release|iPhoneSimulator = Release|iPhoneSimulator
		Debug|iPhone = Debug|iPhone
		Release|iPhone = Release|iPhone
	EndGlobalSection
	GlobalSection(ProjectConfigurationPlatforms) = postSolution
		{5C63B037-4111-4258-81C0-8672FC779156}.Debug|Any CPU.ActiveCfg = Debug|Any CPU
		{5C63B037-4111-4258-81C0-8672FC779156}.Debug|Any CPU.Build.0 = Debug|Any CPU
		{5C63B037-4111-4258-81C0-8672FC779156}.Release|Any CPU.ActiveCfg = Release|Any CPU
		{5C63B037-4111-4258-81C0-8672FC779156}.Release|Any CPU.Build.0 = Release|Any CPU
		{5C63B037-4111-4258-81C0-8672FC779156}.Debug|iPhoneSimulator.ActiveCfg = Debug|Any CPU
		{5C63B037-4111-4258-81C0-8672FC779156}.Debug|iPhoneSimulator.Build.0 = Debug|Any CPU
		{5C63B037-4111-4258-81C0-8672FC779156}.Release|iPhoneSimulator.ActiveCfg = Release|Any CPU
		{5C63B037-4111-4258-81C0-8672FC779156}.Release|iPhoneSimulator.Build.0 = Release|Any CPU
		{5C63B037-4111-4258-81C0-8672FC779156}.Debug|iPhone.ActiveCfg = Debug|Any CPU
		{5C63B037-4111-4258-81C0-8672FC779156}.Debug|iPhone.Build.0 = Debug|Any CPU
		{5C63B037-4111-4258-81C0-8672FC779156}.Release|iPhone.ActiveCfg = Release|Any CPU
		{5C63B037-4111-4258-81C0-8672FC779156}.Release|iPhone.Build.0 = Release|Any CPU
		{18C2AFB5-F766-493F-AB37-7C27CDD3937D}.Debug|Any CPU.ActiveCfg = Debug|iPhoneSimulator
		{18C2AFB5-F766-493F-AB37-7C27CDD3937D}.Debug|Any CPU.Build.0 = Debug|iPhoneSimulator
		{18C2AFB5-F766-493F-AB37-7C27CDD3937D}.Release|Any CPU.ActiveCfg = Release|iPhoneSimulator
		{18C2AFB5-F766-493F-AB37-7C27CDD3937D}.Release|Any CPU.Build.0 = Release|iPhoneSimulator
		{18C2AFB5-F766-493F-AB37-7C27CDD3937D}.Debug|iPhoneSimulator.ActiveCfg = Debug|iPhoneSimulator
		{18C2AFB5-F766-493F-AB37-7C27CDD3937D}.Debug|iPhoneSimulator.Build.0 = Debug|iPhoneSimulator
		{18C2AFB5-F766-493F-AB37-7C27CDD3937D}.Release|iPhoneSimulator.ActiveCfg = Release|iPhoneSimulator
		{18C2AFB5-F766-493F-AB37-7C27CDD3937D}.Release|iPhoneSimulator.Build.0 = Release|iPhoneSimulator
		{18C2AFB5-F766-493F-AB37-7C27CDD3937D}.Debug|iPhone.ActiveCfg = Debug|iPhone
		{18C2AFB5-F766-493F-AB37-7C27CDD3937D}.Debug|iPhone.Build.0 = Debug|iPhone
		{18C2AFB5-F766-493F-AB37-7C27CDD3937D}.Release|iPhone.ActiveCfg = Release|iPhone
		{18C2AFB5-F766-493F-AB37-7C27CDD3937D}.Release|iPhone.Build.0 = Release|iPhone
		{1D0B724C-501D-4688-B2FD-F818CA642DA5}.Debug|Any CPU.ActiveCfg = Debug|Any CPU
		{1D0B724C-501D-4688-B2FD-F818CA642DA5}.Debug|Any CPU.Build.0 = Debug|Any CPU
		{1D0B724C-501D-4688-B2FD-F818CA642DA5}.Release|Any CPU.ActiveCfg = Release|Any CPU
		{1D0B724C-501D-4688-B2FD-F818CA642DA5}.Release|Any CPU.Build.0 = Release|Any CPU
		{1D0B724C-501D-4688-B2FD-F818CA642DA5}.Debug|iPhoneSimulator.ActiveCfg = Debug|Any CPU
		{1D0B724C-501D-4688-B2FD-F818CA642DA5}.Debug|iPhoneSimulator.Build.0 = Debug|Any CPU
		{1D0B724C-501D-4688-B2FD-F818CA642DA5}.Release|iPhoneSimulator.ActiveCfg = Release|Any CPU
		{1D0B724C-501D-4688-B2FD-F818CA642DA5}.Release|iPhoneSimulator.Build.0 = Release|Any CPU
		{1D0B724C-501D-4688-B2FD-F818CA642DA5}.Debug|iPhone.ActiveCfg = Debug|Any CPU
		{1D0B724C-501D-4688-B2FD-F818CA642DA5}.Debug|iPhone.Build.0 = Debug|Any CPU
		{1D0B724C-501D-4688-B2FD-F818CA642DA5}.Release|iPhone.ActiveCfg = Release|Any CPU
		{1D0B724C-501D-4688-B2FD-F818CA642DA5}.Release|iPhone.Build.0 = Release|Any CPU
	EndGlobalSection
	GlobalSection(SolutionProperties) = preSolution
		HideSolutionNode = FALSE
	EndGlobalSection
	GlobalSection(ExtensibilityGlobals) = postSolution
		SolutionGuid = {0D321537-61E1-4EDA-A647-62C14C5532AF}
	EndGlobalSection
EndGlobal
